// !$*UTF8*$!
{
	archiveVersion = 1;
	classes = {
	};
	objectVersion = 46;
	objects = {

/* Begin PBXBuildFile section */
		33C4127A1C23676C005AF6F6 /* Player.swift in Sources */ = {isa = PBXBuildFile; fileRef = 33C412791C23676C005AF6F6 /* Player.swift */; };
		33C4127C1C23CA56005AF6F6 /* Extensions.swift in Sources */ = {isa = PBXBuildFile; fileRef = 33C4127B1C23CA56005AF6F6 /* Extensions.swift */; };
		33C412821C248ACB005AF6F6 /* creeper_green.png in Resources */ = {isa = PBXBuildFile; fileRef = 33C412811C248ACB005AF6F6 /* creeper_green.png */; };
		33C412841C248D79005AF6F6 /* creeper_blue.png in Resources */ = {isa = PBXBuildFile; fileRef = 33C412831C248D79005AF6F6 /* creeper_blue.png */; };
		33C412881C249FB9005AF6F6 /* decay_blue.png in Resources */ = {isa = PBXBuildFile; fileRef = 33C412861C249FB9005AF6F6 /* decay_blue.png */; };
		33C412891C249FB9005AF6F6 /* decay_green.png in Resources */ = {isa = PBXBuildFile; fileRef = 33C412871C249FB9005AF6F6 /* decay_green.png */; };
		33C4128C1C24ACF4005AF6F6 /* flower_blue.png in Resources */ = {isa = PBXBuildFile; fileRef = 33C4128A1C24ACF4005AF6F6 /* flower_blue.png */; };
		33C4128D1C24ACF4005AF6F6 /* flower_green.png in Resources */ = {isa = PBXBuildFile; fileRef = 33C4128B1C24ACF4005AF6F6 /* flower_green.png */; };
		33C8ADC71C222565001102B3 /* AppDelegate.swift in Sources */ = {isa = PBXBuildFile; fileRef = 33C8ADC61C222565001102B3 /* AppDelegate.swift */; };
		33C8ADCB1C222565001102B3 /* GameScene.swift in Sources */ = {isa = PBXBuildFile; fileRef = 33C8ADCA1C222565001102B3 /* GameScene.swift */; };
		33C8ADCD1C222565001102B3 /* GameViewController.swift in Sources */ = {isa = PBXBuildFile; fileRef = 33C8ADCC1C222565001102B3 /* GameViewController.swift */; };
		33C8ADD01C222565001102B3 /* Main.storyboard in Resources */ = {isa = PBXBuildFile; fileRef = 33C8ADCE1C222565001102B3 /* Main.storyboard */; };
		33C8ADD21C222565001102B3 /* Assets.xcassets in Resources */ = {isa = PBXBuildFile; fileRef = 33C8ADD11C222565001102B3 /* Assets.xcassets */; };
		33C8ADD51C222565001102B3 /* LaunchScreen.storyboard in Resources */ = {isa = PBXBuildFile; fileRef = 33C8ADD31C222565001102B3 /* LaunchScreen.storyboard */; };
		33C8ADE01C222565001102B3 /* Crystal_GardensTests.swift in Sources */ = {isa = PBXBuildFile; fileRef = 33C8ADDF1C222565001102B3 /* Crystal_GardensTests.swift */; };
		33C8ADEB1C222565001102B3 /* Crystal_GardensUITests.swift in Sources */ = {isa = PBXBuildFile; fileRef = 33C8ADEA1C222565001102B3 /* Crystal_GardensUITests.swift */; };
		33C8ADFA1C225E14001102B3 /* Piece.swift in Sources */ = {isa = PBXBuildFile; fileRef = 33C8ADF91C225E14001102B3 /* Piece.swift */; };
		33C8ADFC1C225F94001102B3 /* Array2D.swift in Sources */ = {isa = PBXBuildFile; fileRef = 33C8ADFB1C225F94001102B3 /* Array2D.swift */; };
		33C8ADFE1C2260CF001102B3 /* Grid.swift in Sources */ = {isa = PBXBuildFile; fileRef = 33C8ADFD1C2260CF001102B3 /* Grid.swift */; };
		33C8AE001C227536001102B3 /* GridPoint.swift in Sources */ = {isa = PBXBuildFile; fileRef = 33C8ADFF1C227536001102B3 /* GridPoint.swift */; };
/* End PBXBuildFile section */

/* Begin PBXContainerItemProxy section */
		33C8ADDC1C222565001102B3 /* PBXContainerItemProxy */ = {
			isa = PBXContainerItemProxy;
			containerPortal = 33C8ADBB1C222565001102B3 /* Project object */;
			proxyType = 1;
			remoteGlobalIDString = 33C8ADC21C222565001102B3;
			remoteInfo = "Crystal Gardens";
		};
		33C8ADE71C222565001102B3 /* PBXContainerItemProxy */ = {
			isa = PBXContainerItemProxy;
			containerPortal = 33C8ADBB1C222565001102B3 /* Project object */;
			proxyType = 1;
			remoteGlobalIDString = 33C8ADC21C222565001102B3;
			remoteInfo = "Crystal Gardens";
		};
/* End PBXContainerItemProxy section */

/* Begin PBXFileReference section */
		33C412791C23676C005AF6F6 /* Player.swift */ = {isa = PBXFileReference; fileEncoding = 4; lastKnownFileType = sourcecode.swift; path = Player.swift; sourceTree = "<group>"; };
		33C4127B1C23CA56005AF6F6 /* Extensions.swift */ = {isa = PBXFileReference; fileEncoding = 4; lastKnownFileType = sourcecode.swift; path = Extensions.swift; sourceTree = "<group>"; };
		33C412811C248ACB005AF6F6 /* creeper_green.png */ = {isa = PBXFileReference; lastKnownFileType = image.png; name = creeper_green.png; path = Assets.xcassets/creeper_green.png; sourceTree = "<group>"; };
		33C412831C248D79005AF6F6 /* creeper_blue.png */ = {isa = PBXFileReference; lastKnownFileType = image.png; name = creeper_blue.png; path = Assets.xcassets/creeper_blue.png; sourceTree = "<group>"; };
		33C412861C249FB9005AF6F6 /* decay_blue.png */ = {isa = PBXFileReference; lastKnownFileType = image.png; name = decay_blue.png; path = Assets.xcassets/decay_blue.png; sourceTree = "<group>"; };
		33C412871C249FB9005AF6F6 /* decay_green.png */ = {isa = PBXFileReference; lastKnownFileType = image.png; name = decay_green.png; path = Assets.xcassets/decay_green.png; sourceTree = "<group>"; };
		33C4128A1C24ACF4005AF6F6 /* flower_blue.png */ = {isa = PBXFileReference; lastKnownFileType = image.png; name = flower_blue.png; path = Assets.xcassets/flower_blue.png; sourceTree = "<group>"; };
		33C4128B1C24ACF4005AF6F6 /* flower_green.png */ = {isa = PBXFileReference; lastKnownFileType = image.png; name = flower_green.png; path = Assets.xcassets/flower_green.png; sourceTree = "<group>"; };
		33C8ADC31C222565001102B3 /* Crystal Gardens.app */ = {isa = PBXFileReference; explicitFileType = wrapper.application; includeInIndex = 0; path = "Crystal Gardens.app"; sourceTree = BUILT_PRODUCTS_DIR; };
		33C8ADC61C222565001102B3 /* AppDelegate.swift */ = {isa = PBXFileReference; lastKnownFileType = sourcecode.swift; path = AppDelegate.swift; sourceTree = "<group>"; };
		33C8ADCA1C222565001102B3 /* GameScene.swift */ = {isa = PBXFileReference; lastKnownFileType = sourcecode.swift; path = GameScene.swift; sourceTree = "<group>"; };
		33C8ADCC1C222565001102B3 /* GameViewController.swift */ = {isa = PBXFileReference; lastKnownFileType = sourcecode.swift; path = GameViewController.swift; sourceTree = "<group>"; };
		33C8ADCF1C222565001102B3 /* Base */ = {isa = PBXFileReference; lastKnownFileType = file.storyboard; name = Base; path = Base.lproj/Main.storyboard; sourceTree = "<group>"; };
		33C8ADD11C222565001102B3 /* Assets.xcassets */ = {isa = PBXFileReference; lastKnownFileType = folder.assetcatalog; path = Assets.xcassets; sourceTree = "<group>"; };
		33C8ADD41C222565001102B3 /* Base */ = {isa = PBXFileReference; lastKnownFileType = file.storyboard; name = Base; path = Base.lproj/LaunchScreen.storyboard; sourceTree = "<group>"; };
		33C8ADD61C222565001102B3 /* Info.plist */ = {isa = PBXFileReference; lastKnownFileType = text.plist.xml; path = Info.plist; sourceTree = "<group>"; };
		33C8ADDB1C222565001102B3 /* Crystal GardensTests.xctest */ = {isa = PBXFileReference; explicitFileType = wrapper.cfbundle; includeInIndex = 0; path = "Crystal GardensTests.xctest"; sourceTree = BUILT_PRODUCTS_DIR; };
		33C8ADDF1C222565001102B3 /* Crystal_GardensTests.swift */ = {isa = PBXFileReference; lastKnownFileType = sourcecode.swift; path = Crystal_GardensTests.swift; sourceTree = "<group>"; };
		33C8ADE11C222565001102B3 /* Info.plist */ = {isa = PBXFileReference; lastKnownFileType = text.plist.xml; path = Info.plist; sourceTree = "<group>"; };
		33C8ADE61C222565001102B3 /* Crystal GardensUITests.xctest */ = {isa = PBXFileReference; explicitFileType = wrapper.cfbundle; includeInIndex = 0; path = "Crystal GardensUITests.xctest"; sourceTree = BUILT_PRODUCTS_DIR; };
		33C8ADEA1C222565001102B3 /* Crystal_GardensUITests.swift */ = {isa = PBXFileReference; lastKnownFileType = sourcecode.swift; path = Crystal_GardensUITests.swift; sourceTree = "<group>"; };
		33C8ADEC1C222565001102B3 /* Info.plist */ = {isa = PBXFileReference; lastKnownFileType = text.plist.xml; path = Info.plist; sourceTree = "<group>"; };
		33C8ADF91C225E14001102B3 /* Piece.swift */ = {isa = PBXFileReference; fileEncoding = 4; lastKnownFileType = sourcecode.swift; path = Piece.swift; sourceTree = "<group>"; };
		33C8ADFB1C225F94001102B3 /* Array2D.swift */ = {isa = PBXFileReference; fileEncoding = 4; lastKnownFileType = sourcecode.swift; path = Array2D.swift; sourceTree = "<group>"; };
		33C8ADFD1C2260CF001102B3 /* Grid.swift */ = {isa = PBXFileReference; fileEncoding = 4; lastKnownFileType = sourcecode.swift; path = Grid.swift; sourceTree = "<group>"; };
		33C8ADFF1C227536001102B3 /* GridPoint.swift */ = {isa = PBXFileReference; fileEncoding = 4; lastKnownFileType = sourcecode.swift; path = GridPoint.swift; sourceTree = "<group>"; };
/* End PBXFileReference section */

/* Begin PBXFrameworksBuildPhase section */
		33C8ADC01C222565001102B3 /* Frameworks */ = {
			isa = PBXFrameworksBuildPhase;
			buildActionMask = 2147483647;
			files = (
			);
			runOnlyForDeploymentPostprocessing = 0;
		};
		33C8ADD81C222565001102B3 /* Frameworks */ = {
			isa = PBXFrameworksBuildPhase;
			buildActionMask = 2147483647;
			files = (
			);
			runOnlyForDeploymentPostprocessing = 0;
		};
		33C8ADE31C222565001102B3 /* Frameworks */ = {
			isa = PBXFrameworksBuildPhase;
			buildActionMask = 2147483647;
			files = (
			);
			runOnlyForDeploymentPostprocessing = 0;
		};
/* End PBXFrameworksBuildPhase section */

/* Begin PBXGroup section */
		33C412851C249927005AF6F6 /* Images */ = {
			isa = PBXGroup;
			children = (
				33C4128A1C24ACF4005AF6F6 /* flower_blue.png */,
				33C4128B1C24ACF4005AF6F6 /* flower_green.png */,
				33C412861C249FB9005AF6F6 /* decay_blue.png */,
				33C412871C249FB9005AF6F6 /* decay_green.png */,
				33C412831C248D79005AF6F6 /* creeper_blue.png */,
				33C412811C248ACB005AF6F6 /* creeper_green.png */,
			);
			name = Images;
			sourceTree = "<group>";
		};
		33C8ADBA1C222565001102B3 = {
			isa = PBXGroup;
			children = (
				33C8ADC51C222565001102B3 /* Crystal Gardens */,
				33C8ADDE1C222565001102B3 /* Crystal GardensTests */,
				33C8ADE91C222565001102B3 /* Crystal GardensUITests */,
				33C8ADC41C222565001102B3 /* Products */,
			);
			sourceTree = "<group>";
		};
		33C8ADC41C222565001102B3 /* Products */ = {
			isa = PBXGroup;
			children = (
				33C8ADC31C222565001102B3 /* Crystal Gardens.app */,
				33C8ADDB1C222565001102B3 /* Crystal GardensTests.xctest */,
				33C8ADE61C222565001102B3 /* Crystal GardensUITests.xctest */,
			);
			name = Products;
			sourceTree = "<group>";
		};
		33C8ADC51C222565001102B3 /* Crystal Gardens */ = {
			isa = PBXGroup;
			children = (
				33C8ADF81C225DDA001102B3 /* Classes */,
				33C8ADC61C222565001102B3 /* AppDelegate.swift */,
				33C8ADCA1C222565001102B3 /* GameScene.swift */,
				33C8ADCC1C222565001102B3 /* GameViewController.swift */,
				33C8ADCE1C222565001102B3 /* Main.storyboard */,
				33C8ADD11C222565001102B3 /* Assets.xcassets */,
				33C412851C249927005AF6F6 /* Images */,
				33C8ADD31C222565001102B3 /* LaunchScreen.storyboard */,
				33C8ADD61C222565001102B3 /* Info.plist */,
				33C4127B1C23CA56005AF6F6 /* Extensions.swift */,
			);
			path = "Crystal Gardens";
			sourceTree = "<group>";
		};
		33C8ADDE1C222565001102B3 /* Crystal GardensTests */ = {
			isa = PBXGroup;
			children = (
				33C8ADDF1C222565001102B3 /* Crystal_GardensTests.swift */,
				33C8ADE11C222565001102B3 /* Info.plist */,
			);
			path = "Crystal GardensTests";
			sourceTree = "<group>";
		};
		33C8ADE91C222565001102B3 /* Crystal GardensUITests */ = {
			isa = PBXGroup;
			children = (
				33C8ADEA1C222565001102B3 /* Crystal_GardensUITests.swift */,
				33C8ADEC1C222565001102B3 /* Info.plist */,
			);
			path = "Crystal GardensUITests";
			sourceTree = "<group>";
		};
		33C8ADF81C225DDA001102B3 /* Classes */ = {
			isa = PBXGroup;
			children = (
				33C8ADF91C225E14001102B3 /* Piece.swift */,
				33C8ADFB1C225F94001102B3 /* Array2D.swift */,
				33C8ADFD1C2260CF001102B3 /* Grid.swift */,
				33C8ADFF1C227536001102B3 /* GridPoint.swift */,
				33C412791C23676C005AF6F6 /* Player.swift */,
			);
			name = Classes;
			sourceTree = "<group>";
		};
/* End PBXGroup section */

/* Begin PBXNativeTarget section */
		33C8ADC21C222565001102B3 /* Crystal Gardens */ = {
			isa = PBXNativeTarget;
			buildConfigurationList = 33C8ADEF1C222565001102B3 /* Build configuration list for PBXNativeTarget "Crystal Gardens" */;
			buildPhases = (
				33C8ADBF1C222565001102B3 /* Sources */,
				33C8ADC01C222565001102B3 /* Frameworks */,
				33C8ADC11C222565001102B3 /* Resources */,
			);
			buildRules = (
			);
			dependencies = (
			);
			name = "Crystal Gardens";
			productName = "Crystal Gardens";
			productReference = 33C8ADC31C222565001102B3 /* Crystal Gardens.app */;
			productType = "com.apple.product-type.application";
		};
		33C8ADDA1C222565001102B3 /* Crystal GardensTests */ = {
			isa = PBXNativeTarget;
			buildConfigurationList = 33C8ADF21C222565001102B3 /* Build configuration list for PBXNativeTarget "Crystal GardensTests" */;
			buildPhases = (
				33C8ADD71C222565001102B3 /* Sources */,
				33C8ADD81C222565001102B3 /* Frameworks */,
				33C8ADD91C222565001102B3 /* Resources */,
			);
			buildRules = (
			);
			dependencies = (
				33C8ADDD1C222565001102B3 /* PBXTargetDependency */,
			);
			name = "Crystal GardensTests";
			productName = "Crystal GardensTests";
			productReference = 33C8ADDB1C222565001102B3 /* Crystal GardensTests.xctest */;
			productType = "com.apple.product-type.bundle.unit-test";
		};
		33C8ADE51C222565001102B3 /* Crystal GardensUITests */ = {
			isa = PBXNativeTarget;
			buildConfigurationList = 33C8ADF51C222565001102B3 /* Build configuration list for PBXNativeTarget "Crystal GardensUITests" */;
			buildPhases = (
				33C8ADE21C222565001102B3 /* Sources */,
				33C8ADE31C222565001102B3 /* Frameworks */,
				33C8ADE41C222565001102B3 /* Resources */,
			);
			buildRules = (
			);
			dependencies = (
				33C8ADE81C222565001102B3 /* PBXTargetDependency */,
			);
			name = "Crystal GardensUITests";
			productName = "Crystal GardensUITests";
			productReference = 33C8ADE61C222565001102B3 /* Crystal GardensUITests.xctest */;
			productType = "com.apple.product-type.bundle.ui-testing";
		};
/* End PBXNativeTarget section */

/* Begin PBXProject section */
		33C8ADBB1C222565001102B3 /* Project object */ = {
			isa = PBXProject;
			attributes = {
				LastSwiftUpdateCheck = 0720;
				LastUpgradeCheck = 0720;
				ORGANIZATIONNAME = "David Mackenzie";
				TargetAttributes = {
					33C8ADC21C222565001102B3 = {
						CreatedOnToolsVersion = 7.2;
					};
					33C8ADDA1C222565001102B3 = {
						CreatedOnToolsVersion = 7.2;
						TestTargetID = 33C8ADC21C222565001102B3;
					};
					33C8ADE51C222565001102B3 = {
						CreatedOnToolsVersion = 7.2;
						TestTargetID = 33C8ADC21C222565001102B3;
					};
				};
			};
			buildConfigurationList = 33C8ADBE1C222565001102B3 /* Build configuration list for PBXProject "Crystal Gardens" */;
			compatibilityVersion = "Xcode 3.2";
			developmentRegion = English;
			hasScannedForEncodings = 0;
			knownRegions = (
				en,
				Base,
			);
			mainGroup = 33C8ADBA1C222565001102B3;
			productRefGroup = 33C8ADC41C222565001102B3 /* Products */;
			projectDirPath = "";
			projectRoot = "";
			targets = (
				33C8ADC21C222565001102B3 /* Crystal Gardens */,
				33C8ADDA1C222565001102B3 /* Crystal GardensTests */,
				33C8ADE51C222565001102B3 /* Crystal GardensUITests */,
			);
		};
/* End PBXProject section */

/* Begin PBXResourcesBuildPhase section */
		33C8ADC11C222565001102B3 /* Resources */ = {
			isa = PBXResourcesBuildPhase;
			buildActionMask = 2147483647;
			files = (
				33C4128C1C24ACF4005AF6F6 /* flower_blue.png in Resources */,
				33C412881C249FB9005AF6F6 /* decay_blue.png in Resources */,
				33C4128D1C24ACF4005AF6F6 /* flower_green.png in Resources */,
				33C8ADD51C222565001102B3 /* LaunchScreen.storyboard in Resources */,
				33C412841C248D79005AF6F6 /* creeper_blue.png in Resources */,
				33C8ADD21C222565001102B3 /* Assets.xcassets in Resources */,
				33C412891C249FB9005AF6F6 /* decay_green.png in Resources */,
				33C412821C248ACB005AF6F6 /* creeper_green.png in Resources */,
				33C8ADD01C222565001102B3 /* Main.storyboard in Resources */,
			);
			runOnlyForDeploymentPostprocessing = 0;
		};
		33C8ADD91C222565001102B3 /* Resources */ = {
			isa = PBXResourcesBuildPhase;
			buildActionMask = 2147483647;
			files = (
			);
			runOnlyForDeploymentPostprocessing = 0;
		};
		33C8ADE41C222565001102B3 /* Resources */ = {
			isa = PBXResourcesBuildPhase;
			buildActionMask = 2147483647;
			files = (
			);
			runOnlyForDeploymentPostprocessing = 0;
		};
/* End PBXResourcesBuildPhase section */

/* Begin PBXSourcesBuildPhase section */
		33C8ADBF1C222565001102B3 /* Sources */ = {
			isa = PBXSourcesBuildPhase;
			buildActionMask = 2147483647;
			files = (
				33C8ADFE1C2260CF001102B3 /* Grid.swift in Sources */,
				33C4127C1C23CA56005AF6F6 /* Extensions.swift in Sources */,
				33C8ADFA1C225E14001102B3 /* Piece.swift in Sources */,
				33C8ADCB1C222565001102B3 /* GameScene.swift in Sources */,
				33C8ADCD1C222565001102B3 /* GameViewController.swift in Sources */,
				33C4127A1C23676C005AF6F6 /* Player.swift in Sources */,
				33C8ADC71C222565001102B3 /* AppDelegate.swift in Sources */,
				33C8ADFC1C225F94001102B3 /* Array2D.swift in Sources */,
				33C8AE001C227536001102B3 /* GridPoint.swift in Sources */,
			);
			runOnlyForDeploymentPostprocessing = 0;
		};
		33C8ADD71C222565001102B3 /* Sources */ = {
			isa = PBXSourcesBuildPhase;
			buildActionMask = 2147483647;
			files = (
				33C8ADE01C222565001102B3 /* Crystal_GardensTests.swift in Sources */,
			);
			runOnlyForDeploymentPostprocessing = 0;
		};
		33C8ADE21C222565001102B3 /* Sources */ = {
			isa = PBXSourcesBuildPhase;
			buildActionMask = 2147483647;
			files = (
				33C8ADEB1C222565001102B3 /* Crystal_GardensUITests.swift in Sources */,
			);
			runOnlyForDeploymentPostprocessing = 0;
		};
/* End PBXSourcesBuildPhase section */

/* Begin PBXTargetDependency section */
		33C8ADDD1C222565001102B3 /* PBXTargetDependency */ = {
			isa = PBXTargetDependency;
			target = 33C8ADC21C222565001102B3 /* Crystal Gardens */;
			targetProxy = 33C8ADDC1C222565001102B3 /* PBXContainerItemProxy */;
		};
		33C8ADE81C222565001102B3 /* PBXTargetDependency */ = {
			isa = PBXTargetDependency;
			target = 33C8ADC21C222565001102B3 /* Crystal Gardens */;
			targetProxy = 33C8ADE71C222565001102B3 /* PBXContainerItemProxy */;
		};
/* End PBXTargetDependency section */

/* Begin PBXVariantGroup section */
		33C8ADCE1C222565001102B3 /* Main.storyboard */ = {
			isa = PBXVariantGroup;
			children = (
				33C8ADCF1C222565001102B3 /* Base */,
			);
			name = Main.storyboard;
			sourceTree = "<group>";
		};
		33C8ADD31C222565001102B3 /* LaunchScreen.storyboard */ = {
			isa = PBXVariantGroup;
			children = (
				33C8ADD41C222565001102B3 /* Base */,
			);
			name = LaunchScreen.storyboard;
			sourceTree = "<group>";
		};
/* End PBXVariantGroup section */

/* Begin XCBuildConfiguration section */
		33C8ADED1C222565001102B3 /* Debug */ = {
			isa = XCBuildConfiguration;
			buildSettings = {
				ALWAYS_SEARCH_USER_PATHS = NO;
				CLANG_CXX_LANGUAGE_STANDARD = "gnu++0x";
				CLANG_CXX_LIBRARY = "libc++";
				CLANG_ENABLE_MODULES = YES;
				CLANG_ENABLE_OBJC_ARC = YES;
				CLANG_WARN_BOOL_CONVERSION = YES;
				CLANG_WARN_CONSTANT_CONVERSION = YES;
				CLANG_WARN_DIRECT_OBJC_ISA_USAGE = YES_ERROR;
				CLANG_WARN_EMPTY_BODY = YES;
				CLANG_WARN_ENUM_CONVERSION = YES;
				CLANG_WARN_INT_CONVERSION = YES;
				CLANG_WARN_OBJC_ROOT_CLASS = YES_ERROR;
				CLANG_WARN_UNREACHABLE_CODE = YES;
				CLANG_WARN__DUPLICATE_METHOD_MATCH = YES;
				"CODE_SIGN_IDENTITY[sdk=iphoneos*]" = "iPhone Developer";
				COPY_PHASE_STRIP = NO;
				DEBUG_INFORMATION_FORMAT = "dwarf-with-dsym";
				ENABLE_STRICT_OBJC_MSGSEND = YES;
				ENABLE_TESTABILITY = YES;
				GCC_C_LANGUAGE_STANDARD = gnu99;
				GCC_DYNAMIC_NO_PIC = NO;
				GCC_NO_COMMON_BLOCKS = YES;
				GCC_OPTIMIZATION_LEVEL = 0;
				GCC_PREPROCESSOR_DEFINITIONS = (
					"DEBUG=1",
					"$(inherited)",
				);
				GCC_WARN_64_TO_32_BIT_CONVERSION = YES;
				GCC_WARN_ABOUT_RETURN_TYPE = YES_ERROR;
				GCC_WARN_UNDECLARED_SELECTOR = YES;
				GCC_WARN_UNINITIALIZED_AUTOS = YES_AGGRESSIVE;
				GCC_WARN_UNUSED_FUNCTION = YES;
				GCC_WARN_UNUSED_VARIABLE = YES;
				IPHONEOS_DEPLOYMENT_TARGET = 9.2;
				MTL_ENABLE_DEBUG_INFO = YES;
				ONLY_ACTIVE_ARCH = YES;
				SDKROOT = iphoneos;
				SWIFT_OPTIMIZATION_LEVEL = "-Onone";
				TARGETED_DEVICE_FAMILY = "1,2";
			};
			name = Debug;
		};
		33C8ADEE1C222565001102B3 /* Release */ = {
			isa = XCBuildConfiguration;
			buildSettings = {
				ALWAYS_SEARCH_USER_PATHS = NO;
				CLANG_CXX_LANGUAGE_STANDARD = "gnu++0x";
				CLANG_CXX_LIBRARY = "libc++";
				CLANG_ENABLE_MODULES = YES;
				CLANG_ENABLE_OBJC_ARC = YES;
				CLANG_WARN_BOOL_CONVERSION = YES;
				CLANG_WARN_CONSTANT_CONVERSION = YES;
				CLANG_WARN_DIRECT_OBJC_ISA_USAGE = YES_ERROR;
				CLANG_WARN_EMPTY_BODY = YES;
				CLANG_WARN_ENUM_CONVERSION = YES;
				CLANG_WARN_INT_CONVERSION = YES;
				CLANG_WARN_OBJC_ROOT_CLASS = YES_ERROR;
				CLANG_WARN_UNREACHABLE_CODE = YES;
				CLANG_WARN__DUPLICATE_METHOD_MATCH = YES;
				"CODE_SIGN_IDENTITY[sdk=iphoneos*]" = "iPhone Developer";
				COPY_PHASE_STRIP = NO;
				DEBUG_INFORMATION_FORMAT = "dwarf-with-dsym";
				ENABLE_NS_ASSERTIONS = NO;
				ENABLE_STRICT_OBJC_MSGSEND = YES;
				GCC_C_LANGUAGE_STANDARD = gnu99;
				GCC_NO_COMMON_BLOCKS = YES;
				GCC_WARN_64_TO_32_BIT_CONVERSION = YES;
				GCC_WARN_ABOUT_RETURN_TYPE = YES_ERROR;
				GCC_WARN_UNDECLARED_SELECTOR = YES;
				GCC_WARN_UNINITIALIZED_AUTOS = YES_AGGRESSIVE;
				GCC_WARN_UNUSED_FUNCTION = YES;
				GCC_WARN_UNUSED_VARIABLE = YES;
				IPHONEOS_DEPLOYMENT_TARGET = 9.2;
				MTL_ENABLE_DEBUG_INFO = NO;
				SDKROOT = iphoneos;
				TARGETED_DEVICE_FAMILY = "1,2";
				VALIDATE_PRODUCT = YES;
			};
			name = Release;
		};
		33C8ADF01C222565001102B3 /* Debug */ = {
			isa = XCBuildConfiguration;
			buildSettings = {
				ASSETCATALOG_COMPILER_APPICON_NAME = AppIcon;
				INFOPLIST_FILE = "Crystal Gardens/Info.plist";
				LD_RUNPATH_SEARCH_PATHS = "$(inherited) @executable_path/Frameworks";
				PRODUCT_BUNDLE_IDENTIFIER = "David-Mackenzie.Crystal-Gardens";
				PRODUCT_NAME = "$(TARGET_NAME)";
			};
			name = Debug;
		};
		33C8ADF11C222565001102B3 /* Release */ = {
			isa = XCBuildConfiguration;
			buildSettings = {
				ASSETCATALOG_COMPILER_APPICON_NAME = AppIcon;
				INFOPLIST_FILE = "Crystal Gardens/Info.plist";
				LD_RUNPATH_SEARCH_PATHS = "$(inherited) @executable_path/Frameworks";
				PRODUCT_BUNDLE_IDENTIFIER = "David-Mackenzie.Crystal-Gardens";
				PRODUCT_NAME = "$(TARGET_NAME)";
			};
			name = Release;
		};
		33C8ADF31C222565001102B3 /* Debug */ = {
			isa = XCBuildConfiguration;
			buildSettings = {
				BUNDLE_LOADER = "$(TEST_HOST)";
				DEBUG_INFORMATION_FORMAT = dwarf;
				INFOPLIST_FILE = "Crystal GardensTests/Info.plist";
				LD_RUNPATH_SEARCH_PATHS = "$(inherited) @executable_path/Frameworks @loader_path/Frameworks";
				PRODUCT_BUNDLE_IDENTIFIER = "David-Mackenzie.Crystal-GardensTests";
				PRODUCT_NAME = "$(TARGET_NAME)";
				TEST_HOST = "$(BUILT_PRODUCTS_DIR)/Crystal Gardens.app/Crystal Gardens";
			};
			name = Debug;
		};
		33C8ADF41C222565001102B3 /* Release */ = {
			isa = XCBuildConfiguration;
			buildSettings = {
				BUNDLE_LOADER = "$(TEST_HOST)";
				INFOPLIST_FILE = "Crystal GardensTests/Info.plist";
				LD_RUNPATH_SEARCH_PATHS = "$(inherited) @executable_path/Frameworks @loader_path/Frameworks";
				PRODUCT_BUNDLE_IDENTIFIER = "David-Mackenzie.Crystal-GardensTests";
				PRODUCT_NAME = "$(TARGET_NAME)";
				TEST_HOST = "$(BUILT_PRODUCTS_DIR)/Crystal Gardens.app/Crystal Gardens";
			};
			name = Release;
		};
		33C8ADF61C222565001102B3 /* Debug */ = {
			isa = XCBuildConfiguration;
			buildSettings = {
				DEBUG_INFORMATION_FORMAT = dwarf;
				INFOPLIST_FILE = "Crystal GardensUITests/Info.plist";
				LD_RUNPATH_SEARCH_PATHS = "$(inherited) @executable_path/Frameworks @loader_path/Frameworks";
				PRODUCT_BUNDLE_IDENTIFIER = "David-Mackenzie.Crystal-GardensUITests";
				PRODUCT_NAME = "$(TARGET_NAME)";
				TEST_TARGET_NAME = "Crystal Gardens";
				USES_XCTRUNNER = YES;
			};
			name = Debug;
		};
		33C8ADF71C222565001102B3 /* Release */ = {
			isa = XCBuildConfiguration;
			buildSettings = {
				INFOPLIST_FILE = "Crystal GardensUITests/Info.plist";
				LD_RUNPATH_SEARCH_PATHS = "$(inherited) @executable_path/Frameworks @loader_path/Frameworks";
				PRODUCT_BUNDLE_IDENTIFIER = "David-Mackenzie.Crystal-GardensUITests";
				PRODUCT_NAME = "$(TARGET_NAME)";
				TEST_TARGET_NAME = "Crystal Gardens";
				USES_XCTRUNNER = YES;
			};
			name = Release;
		};
/* End XCBuildConfiguration section */

/* Begin XCConfigurationList section */
		33C8ADBE1C222565001102B3 /* Build configuration list for PBXProject "Crystal Gardens" */ = {
			isa = XCConfigurationList;
			buildConfigurations = (
				33C8ADED1C222565001102B3 /* Debug */,
				33C8ADEE1C222565001102B3 /* Release */,
			);
			defaultConfigurationIsVisible = 0;
			defaultConfigurationName = Release;
		};
		33C8ADEF1C222565001102B3 /* Build configuration list for PBXNativeTarget "Crystal Gardens" */ = {
			isa = XCConfigurationList;
			buildConfigurations = (
				33C8ADF01C222565001102B3 /* Debug */,
				33C8ADF11C222565001102B3 /* Release */,
			);
			defaultConfigurationIsVisible = 0;
			defaultConfigurationName = Release;
		};
		33C8ADF21C222565001102B3 /* Build configuration list for PBXNativeTarget "Crystal GardensTests" */ = {
			isa = XCConfigurationList;
			buildConfigurations = (
				33C8ADF31C222565001102B3 /* Debug */,
				33C8ADF41C222565001102B3 /* Release */,
			);
			defaultConfigurationIsVisible = 0;
			defaultConfigurationName = Release;
		};
		33C8ADF51C222565001102B3 /* Build configuration list for PBXNativeTarget "Crystal GardensUITests" */ = {
			isa = XCConfigurationList;
			buildConfigurations = (
				33C8ADF61C222565001102B3 /* Debug */,
				33C8ADF71C222565001102B3 /* Release */,
			);
			defaultConfigurationIsVisible = 0;
			defaultConfigurationName = Release;
		};
/* End XCConfigurationList section */
	};
	rootObject = 33C8ADBB1C222565001102B3 /* Project object */;
}
